// !$*UTF8*$!
{
	archiveVersion = 1;
	classes = {
	};
	objectVersion = 77;
	objects = {

/* Begin PBXBuildFile section */
		1522E46E2F32F78B00238C0A /* Config.swift in Sources */ = {isa = PBXBuildFile; fileRef = 1522E46D2F32F78700238C0A /* Config.swift */; };
		153D0A542D5C4F33009520E0 /* Lottie in Frameworks */ = {isa = PBXBuildFile; productRef = 153D0A532D5C4F33009520E0 /* Lottie */; };
		153D0A7C2D5C580F009520E0 /* FetchRecipeWatchOS Watch App.app in Embed Watch Content */ = {isa = PBXBuildFile; fileRef = 153D0A592D5C580C009520E0 /* FetchRecipeWatchOS Watch App.app */; settings = {ATTRIBUTES = (RemoveHeadersOnCopy, ); }; };
		153D0AD82D5C6839009520E0 /* app_logo.png in Resources */ = {isa = PBXBuildFile; fileRef = 153D0AD72D5C6839009520E0 /* app_logo.png */; };
/* End PBXBuildFile section */

/* Begin PBXContainerItemProxy section */
		153D09BC2D5BF485009520E0 /* PBXContainerItemProxy */ = {
			isa = PBXContainerItemProxy;
			containerPortal = 153D099E2D5BF483009520E0 /* Project object */;
			proxyType = 1;
			remoteGlobalIDString = 153D09A52D5BF483009520E0;
			remoteInfo = FetchRecipe;
		};
		153D09C62D5BF485009520E0 /* PBXContainerItemProxy */ = {
			isa = PBXContainerItemProxy;
			containerPortal = 153D099E2D5BF483009520E0 /* Project object */;
			proxyType = 1;
			remoteGlobalIDString = 153D09A52D5BF483009520E0;
			remoteInfo = FetchRecipe;
		};
		153D0A692D5C580F009520E0 /* PBXContainerItemProxy */ = {
			isa = PBXContainerItemProxy;
			containerPortal = 153D099E2D5BF483009520E0 /* Project object */;
			proxyType = 1;
			remoteGlobalIDString = 153D0A582D5C580C009520E0;
			remoteInfo = "FetchRecipeWatchOS Watch App";
		};
		153D0A732D5C580F009520E0 /* PBXContainerItemProxy */ = {
			isa = PBXContainerItemProxy;
			containerPortal = 153D099E2D5BF483009520E0 /* Project object */;
			proxyType = 1;
			remoteGlobalIDString = 153D0A582D5C580C009520E0;
			remoteInfo = "FetchRecipeWatchOS Watch App";
		};
		153D0A7A2D5C580F009520E0 /* PBXContainerItemProxy */ = {
			isa = PBXContainerItemProxy;
			containerPortal = 153D099E2D5BF483009520E0 /* Project object */;
			proxyType = 1;
			remoteGlobalIDString = 153D0A582D5C580C009520E0;
			remoteInfo = "FetchRecipeWatchOS Watch App";
		};
/* End PBXContainerItemProxy section */

/* Begin PBXCopyFilesBuildPhase section */
		153D0A802D5C580F009520E0 /* Embed Watch Content */ = {
			isa = PBXCopyFilesBuildPhase;
			buildActionMask = 2147483647;
			dstPath = "$(CONTENTS_FOLDER_PATH)/Watch";
			dstSubfolderSpec = 16;
			files = (
				153D0A7C2D5C580F009520E0 /* FetchRecipeWatchOS Watch App.app in Embed Watch Content */,
			);
			name = "Embed Watch Content";
			runOnlyForDeploymentPostprocessing = 0;
		};
/* End PBXCopyFilesBuildPhase section */

/* Begin PBXFileReference section */
		1522E46D2F32F78700238C0A /* Config.swift */ = {isa = PBXFileReference; lastKnownFileType = sourcecode.swift; path = Config.swift; sourceTree = "<group>"; };
		153D09A62D5BF483009520E0 /* FetchRecipe.app */ = {isa = PBXFileReference; explicitFileType = wrapper.application; includeInIndex = 0; path = FetchRecipe.app; sourceTree = BUILT_PRODUCTS_DIR; };
		153D09BB2D5BF485009520E0 /* FetchRecipeTests.xctest */ = {isa = PBXFileReference; explicitFileType = wrapper.cfbundle; includeInIndex = 0; path = FetchRecipeTests.xctest; sourceTree = BUILT_PRODUCTS_DIR; };
		153D09C52D5BF485009520E0 /* FetchRecipeUITests.xctest */ = {isa = PBXFileReference; explicitFileType = wrapper.cfbundle; includeInIndex = 0; path = FetchRecipeUITests.xctest; sourceTree = BUILT_PRODUCTS_DIR; };
		153D0A592D5C580C009520E0 /* FetchRecipeWatchOS Watch App.app */ = {isa = PBXFileReference; explicitFileType = wrapper.application; includeInIndex = 0; path = "FetchRecipeWatchOS Watch App.app"; sourceTree = BUILT_PRODUCTS_DIR; };
		153D0A682D5C580E009520E0 /* FetchRecipeWatchOS Watch AppTests.xctest */ = {isa = PBXFileReference; explicitFileType = wrapper.cfbundle; includeInIndex = 0; path = "FetchRecipeWatchOS Watch AppTests.xctest"; sourceTree = BUILT_PRODUCTS_DIR; };
		153D0A722D5C580F009520E0 /* FetchRecipeWatchOS Watch AppUITests.xctest */ = {isa = PBXFileReference; explicitFileType = wrapper.cfbundle; includeInIndex = 0; path = "FetchRecipeWatchOS Watch AppUITests.xctest"; sourceTree = BUILT_PRODUCTS_DIR; };
		153D0AD72D5C6839009520E0 /* app_logo.png */ = {isa = PBXFileReference; lastKnownFileType = image.png; path = app_logo.png; sourceTree = "<group>"; };
/* End PBXFileReference section */

/* Begin PBXFileSystemSynchronizedRootGroup section */
		153D09A82D5BF483009520E0 /* FetchRecipe */ = {
			isa = PBXFileSystemSynchronizedRootGroup;
			path = FetchRecipe;
			sourceTree = "<group>";
		};
		153D09BE2D5BF485009520E0 /* FetchRecipeTests */ = {
			isa = PBXFileSystemSynchronizedRootGroup;
			path = FetchRecipeTests;
			sourceTree = "<group>";
		};
		153D09C82D5BF485009520E0 /* FetchRecipeUITests */ = {
			isa = PBXFileSystemSynchronizedRootGroup;
			path = FetchRecipeUITests;
			sourceTree = "<group>";
		};
		153D0A5A2D5C580C009520E0 /* FetchRecipeWatchOS Watch App */ = {
			isa = PBXFileSystemSynchronizedRootGroup;
			path = "FetchRecipeWatchOS Watch App";
			sourceTree = "<group>";
		};
		153D0A6B2D5C580F009520E0 /* FetchRecipeWatchOS Watch AppTests */ = {
			isa = PBXFileSystemSynchronizedRootGroup;
			path = "FetchRecipeWatchOS Watch AppTests";
			sourceTree = "<group>";
		};
		153D0A752D5C580F009520E0 /* FetchRecipeWatchOS Watch AppUITests */ = {
			isa = PBXFileSystemSynchronizedRootGroup;
			path = "FetchRecipeWatchOS Watch AppUITests";
			sourceTree = "<group>";
		};
/* End PBXFileSystemSynchronizedRootGroup section */

/* Begin PBXFrameworksBuildPhase section */
		153D09A32D5BF483009520E0 /* Frameworks */ = {
			isa = PBXFrameworksBuildPhase;
			buildActionMask = 2147483647;
			files = (
				153D0A542D5C4F33009520E0 /* Lottie in Frameworks */,
			);
			runOnlyForDeploymentPostprocessing = 0;
		};
		153D09B82D5BF485009520E0 /* Frameworks */ = {
			isa = PBXFrameworksBuildPhase;
			buildActionMask = 2147483647;
			files = (
			);
			runOnlyForDeploymentPostprocessing = 0;
		};
		153D09C22D5BF485009520E0 /* Frameworks */ = {
			isa = PBXFrameworksBuildPhase;
			buildActionMask = 2147483647;
			files = (
			);
			runOnlyForDeploymentPostprocessing = 0;
		};
		153D0A562D5C580C009520E0 /* Frameworks */ = {
			isa = PBXFrameworksBuildPhase;
			buildActionMask = 2147483647;
			files = (
			);
			runOnlyForDeploymentPostprocessing = 0;
		};
		153D0A652D5C580E009520E0 /* Frameworks */ = {
			isa = PBXFrameworksBuildPhase;
			buildActionMask = 2147483647;
			files = (
			);
			runOnlyForDeploymentPostprocessing = 0;
		};
		153D0A6F2D5C580F009520E0 /* Frameworks */ = {
			isa = PBXFrameworksBuildPhase;
			buildActionMask = 2147483647;
			files = (
			);
			runOnlyForDeploymentPostprocessing = 0;
		};
/* End PBXFrameworksBuildPhase section */

/* Begin PBXGroup section */
		153D099D2D5BF483009520E0 = {
			isa = PBXGroup;
			children = (
				153D0AD72D5C6839009520E0 /* app_logo.png */,
				1522E46D2F32F78700238C0A /* Config.swift */,
				153D09A82D5BF483009520E0 /* FetchRecipe */,
				153D09BE2D5BF485009520E0 /* FetchRecipeTests */,
				153D09C82D5BF485009520E0 /* FetchRecipeUITests */,
				153D0A5A2D5C580C009520E0 /* FetchRecipeWatchOS Watch App */,
				153D0A6B2D5C580F009520E0 /* FetchRecipeWatchOS Watch AppTests */,
				153D0A752D5C580F009520E0 /* FetchRecipeWatchOS Watch AppUITests */,
				153D09A72D5BF483009520E0 /* Products */,
			);
			sourceTree = "<group>";
		};
		153D09A72D5BF483009520E0 /* Products */ = {
			isa = PBXGroup;
			children = (
				153D09A62D5BF483009520E0 /* FetchRecipe.app */,
				153D09BB2D5BF485009520E0 /* FetchRecipeTests.xctest */,
				153D09C52D5BF485009520E0 /* FetchRecipeUITests.xctest */,
				153D0A592D5C580C009520E0 /* FetchRecipeWatchOS Watch App.app */,
				153D0A682D5C580E009520E0 /* FetchRecipeWatchOS Watch AppTests.xctest */,
				153D0A722D5C580F009520E0 /* FetchRecipeWatchOS Watch AppUITests.xctest */,
			);
			name = Products;
			sourceTree = "<group>";
		};
/* End PBXGroup section */

/* Begin PBXNativeTarget section */
		153D09A52D5BF483009520E0 /* FetchRecipe */ = {
			isa = PBXNativeTarget;
			buildConfigurationList = 153D09CF2D5BF485009520E0 /* Build configuration list for PBXNativeTarget "FetchRecipe" */;
			buildPhases = (
				153D09A22D5BF483009520E0 /* Sources */,
				153D09A32D5BF483009520E0 /* Frameworks */,
				153D09A42D5BF483009520E0 /* Resources */,
				153D0A802D5C580F009520E0 /* Embed Watch Content */,
			);
			buildRules = (
			);
			dependencies = (
				153D0A7B2D5C580F009520E0 /* PBXTargetDependency */,
			);
			fileSystemSynchronizedGroups = (
				153D09A82D5BF483009520E0 /* FetchRecipe */,
			);
			name = FetchRecipe;
			packageProductDependencies = (
				153D0A532D5C4F33009520E0 /* Lottie */,
			);
			productName = FetchRecipe;
			productReference = 153D09A62D5BF483009520E0 /* FetchRecipe.app */;
			productType = "com.apple.product-type.application";
		};
		153D09BA2D5BF485009520E0 /* FetchRecipeTests */ = {
			isa = PBXNativeTarget;
			buildConfigurationList = 153D09D22D5BF485009520E0 /* Build configuration list for PBXNativeTarget "FetchRecipeTests" */;
			buildPhases = (
				153D09B72D5BF485009520E0 /* Sources */,
				153D09B82D5BF485009520E0 /* Frameworks */,
				153D09B92D5BF485009520E0 /* Resources */,
			);
			buildRules = (
			);
			dependencies = (
				153D09BD2D5BF485009520E0 /* PBXTargetDependency */,
			);
			fileSystemSynchronizedGroups = (
				153D09BE2D5BF485009520E0 /* FetchRecipeTests */,
			);
			name = FetchRecipeTests;
			packageProductDependencies = (
			);
			productName = FetchRecipeTests;
			productReference = 153D09BB2D5BF485009520E0 /* FetchRecipeTests.xctest */;
			productType = "com.apple.product-type.bundle.unit-test";
		};
		153D09C42D5BF485009520E0 /* FetchRecipeUITests */ = {
			isa = PBXNativeTarget;
			buildConfigurationList = 153D09D52D5BF485009520E0 /* Build configuration list for PBXNativeTarget "FetchRecipeUITests" */;
			buildPhases = (
				153D09C12D5BF485009520E0 /* Sources */,
				153D09C22D5BF485009520E0 /* Frameworks */,
				153D09C32D5BF485009520E0 /* Resources */,
			);
			buildRules = (
			);
			dependencies = (
				153D09C72D5BF485009520E0 /* PBXTargetDependency */,
			);
			fileSystemSynchronizedGroups = (
				153D09C82D5BF485009520E0 /* FetchRecipeUITests */,
			);
			name = FetchRecipeUITests;
			packageProductDependencies = (
			);
			productName = FetchRecipeUITests;
			productReference = 153D09C52D5BF485009520E0 /* FetchRecipeUITests.xctest */;
			productType = "com.apple.product-type.bundle.ui-testing";
		};
		153D0A582D5C580C009520E0 /* FetchRecipeWatchOS Watch App */ = {
			isa = PBXNativeTarget;
			buildConfigurationList = 153D0A7D2D5C580F009520E0 /* Build configuration list for PBXNativeTarget "FetchRecipeWatchOS Watch App" */;
			buildPhases = (
				153D0A552D5C580C009520E0 /* Sources */,
				153D0A562D5C580C009520E0 /* Frameworks */,
				153D0A572D5C580C009520E0 /* Resources */,
			);
			buildRules = (
			);
			dependencies = (
			);
			fileSystemSynchronizedGroups = (
				153D0A5A2D5C580C009520E0 /* FetchRecipeWatchOS Watch App */,
			);
			name = "FetchRecipeWatchOS Watch App";
			packageProductDependencies = (
			);
			productName = "FetchRecipeWatchOS Watch App";
			productReference = 153D0A592D5C580C009520E0 /* FetchRecipeWatchOS Watch App.app */;
			productType = "com.apple.product-type.application";
		};
		153D0A672D5C580E009520E0 /* FetchRecipeWatchOS Watch AppTests */ = {
			isa = PBXNativeTarget;
			buildConfigurationList = 153D0A812D5C580F009520E0 /* Build configuration list for PBXNativeTarget "FetchRecipeWatchOS Watch AppTests" */;
			buildPhases = (
				153D0A642D5C580E009520E0 /* Sources */,
				153D0A652D5C580E009520E0 /* Frameworks */,
				153D0A662D5C580E009520E0 /* Resources */,
			);
			buildRules = (
			);
			dependencies = (
				153D0A6A2D5C580F009520E0 /* PBXTargetDependency */,
			);
			fileSystemSynchronizedGroups = (
				153D0A6B2D5C580F009520E0 /* FetchRecipeWatchOS Watch AppTests */,
			);
			name = "FetchRecipeWatchOS Watch AppTests";
			packageProductDependencies = (
			);
			productName = "FetchRecipeWatchOS Watch AppTests";
			productReference = 153D0A682D5C580E009520E0 /* FetchRecipeWatchOS Watch AppTests.xctest */;
			productType = "com.apple.product-type.bundle.unit-test";
		};
		153D0A712D5C580F009520E0 /* FetchRecipeWatchOS Watch AppUITests */ = {
			isa = PBXNativeTarget;
			buildConfigurationList = 153D0A842D5C580F009520E0 /* Build configuration list for PBXNativeTarget "FetchRecipeWatchOS Watch AppUITests" */;
			buildPhases = (
				153D0A6E2D5C580F009520E0 /* Sources */,
				153D0A6F2D5C580F009520E0 /* Frameworks */,
				153D0A702D5C580F009520E0 /* Resources */,
			);
			buildRules = (
			);
			dependencies = (
				153D0A742D5C580F009520E0 /* PBXTargetDependency */,
			);
			fileSystemSynchronizedGroups = (
				153D0A752D5C580F009520E0 /* FetchRecipeWatchOS Watch AppUITests */,
			);
			name = "FetchRecipeWatchOS Watch AppUITests";
			packageProductDependencies = (
			);
			productName = "FetchRecipeWatchOS Watch AppUITests";
			productReference = 153D0A722D5C580F009520E0 /* FetchRecipeWatchOS Watch AppUITests.xctest */;
			productType = "com.apple.product-type.bundle.ui-testing";
		};
/* End PBXNativeTarget section */

/* Begin PBXProject section */
		153D099E2D5BF483009520E0 /* Project object */ = {
			isa = PBXProject;
			attributes = {
				BuildIndependentTargetsInParallel = 1;
				LastSwiftUpdateCheck = 1620;
				LastUpgradeCheck = 1620;
				TargetAttributes = {
					153D09A52D5BF483009520E0 = {
						CreatedOnToolsVersion = 16.2;
					};
					153D09BA2D5BF485009520E0 = {
						CreatedOnToolsVersion = 16.2;
						LastSwiftMigration = 1620;
						TestTargetID = 153D09A52D5BF483009520E0;
					};
					153D09C42D5BF485009520E0 = {
						CreatedOnToolsVersion = 16.2;
						TestTargetID = 153D09A52D5BF483009520E0;
					};
					153D0A582D5C580C009520E0 = {
						CreatedOnToolsVersion = 16.2;
					};
					153D0A672D5C580E009520E0 = {
						CreatedOnToolsVersion = 16.2;
						TestTargetID = 153D0A582D5C580C009520E0;
					};
					153D0A712D5C580F009520E0 = {
						CreatedOnToolsVersion = 16.2;
						TestTargetID = 153D0A582D5C580C009520E0;
					};
				};
			};
			buildConfigurationList = 153D09A12D5BF483009520E0 /* Build configuration list for PBXProject "FetchRecipe" */;
			developmentRegion = en;
			hasScannedForEncodings = 0;
			knownRegions = (
				en,
				Base,
			);
			mainGroup = 153D099D2D5BF483009520E0;
			minimizedProjectReferenceProxies = 1;
			packageReferences = (
				153D0A522D5C4F33009520E0 /* XCRemoteSwiftPackageReference "lottie-spm" */,
			);
			preferredProjectObjectVersion = 77;
			productRefGroup = 153D09A72D5BF483009520E0 /* Products */;
			projectDirPath = "";
			projectRoot = "";
			targets = (
				153D09A52D5BF483009520E0 /* FetchRecipe */,
				153D09BA2D5BF485009520E0 /* FetchRecipeTests */,
				153D09C42D5BF485009520E0 /* FetchRecipeUITests */,
				153D0A582D5C580C009520E0 /* FetchRecipeWatchOS Watch App */,
				153D0A672D5C580E009520E0 /* FetchRecipeWatchOS Watch AppTests */,
				153D0A712D5C580F009520E0 /* FetchRecipeWatchOS Watch AppUITests */,
			);
		};
/* End PBXProject section */

/* Begin PBXResourcesBuildPhase section */
		153D09A42D5BF483009520E0 /* Resources */ = {
			isa = PBXResourcesBuildPhase;
			buildActionMask = 2147483647;
			files = (
				153D0AD82D5C6839009520E0 /* app_logo.png in Resources */,
			);
			runOnlyForDeploymentPostprocessing = 0;
		};
		153D09B92D5BF485009520E0 /* Resources */ = {
			isa = PBXResourcesBuildPhase;
			buildActionMask = 2147483647;
			files = (
			);
			runOnlyForDeploymentPostprocessing = 0;
		};
		153D09C32D5BF485009520E0 /* Resources */ = {
			isa = PBXResourcesBuildPhase;
			buildActionMask = 2147483647;
			files = (
			);
			runOnlyForDeploymentPostprocessing = 0;
		};
		153D0A572D5C580C009520E0 /* Resources */ = {
			isa = PBXResourcesBuildPhase;
			buildActionMask = 2147483647;
			files = (
			);
			runOnlyForDeploymentPostprocessing = 0;
		};
		153D0A662D5C580E009520E0 /* Resources */ = {
			isa = PBXResourcesBuildPhase;
			buildActionMask = 2147483647;
			files = (
			);
			runOnlyForDeploymentPostprocessing = 0;
		};
		153D0A702D5C580F009520E0 /* Resources */ = {
			isa = PBXResourcesBuildPhase;
			buildActionMask = 2147483647;
			files = (
			);
			runOnlyForDeploymentPostprocessing = 0;
		};
/* End PBXResourcesBuildPhase section */

/* Begin PBXSourcesBuildPhase section */
		153D09A22D5BF483009520E0 /* Sources */ = {
			isa = PBXSourcesBuildPhase;
			buildActionMask = 2147483647;
			files = (
				1522E46E2F32F78B00238C0A /* Config.swift in Sources */,
			);
			runOnlyForDeploymentPostprocessing = 0;
		};
		153D09B72D5BF485009520E0 /* Sources */ = {
			isa = PBXSourcesBuildPhase;
			buildActionMask = 2147483647;
			files = (
			);
			runOnlyForDeploymentPostprocessing = 0;
		};
		153D09C12D5BF485009520E0 /* Sources */ = {
			isa = PBXSourcesBuildPhase;
			buildActionMask = 2147483647;
			files = (
			);
			runOnlyForDeploymentPostprocessing = 0;
		};
		153D0A552D5C580C009520E0 /* Sources */ = {
			isa = PBXSourcesBuildPhase;
			buildActionMask = 2147483647;
			files = (
			);
			runOnlyForDeploymentPostprocessing = 0;
		};
		153D0A642D5C580E009520E0 /* Sources */ = {
			isa = PBXSourcesBuildPhase;
			buildActionMask = 2147483647;
			files = (
			);
			runOnlyForDeploymentPostprocessing = 0;
		};
		153D0A6E2D5C580F009520E0 /* Sources */ = {
			isa = PBXSourcesBuildPhase;
			buildActionMask = 2147483647;
			files = (
			);
			runOnlyForDeploymentPostprocessing = 0;
		};
/* End PBXSourcesBuildPhase section */

/* Begin PBXTargetDependency section */
		153D09BD2D5BF485009520E0 /* PBXTargetDependency */ = {
			isa = PBXTargetDependency;
			target = 153D09A52D5BF483009520E0 /* FetchRecipe */;
			targetProxy = 153D09BC2D5BF485009520E0 /* PBXContainerItemProxy */;
		};
		153D09C72D5BF485009520E0 /* PBXTargetDependency */ = {
			isa = PBXTargetDependency;
			target = 153D09A52D5BF483009520E0 /* FetchRecipe */;
			targetProxy = 153D09C62D5BF485009520E0 /* PBXContainerItemProxy */;
		};
		153D0A6A2D5C580F009520E0 /* PBXTargetDependency */ = {
			isa = PBXTargetDependency;
			target = 153D0A582D5C580C009520E0 /* FetchRecipeWatchOS Watch App */;
			targetProxy = 153D0A692D5C580F009520E0 /* PBXContainerItemProxy */;
		};
		153D0A742D5C580F009520E0 /* PBXTargetDependency */ = {
			isa = PBXTargetDependency;
			target = 153D0A582D5C580C009520E0 /* FetchRecipeWatchOS Watch App */;
			targetProxy = 153D0A732D5C580F009520E0 /* PBXContainerItemProxy */;
		};
		153D0A7B2D5C580F009520E0 /* PBXTargetDependency */ = {
			isa = PBXTargetDependency;
			target = 153D0A582D5C580C009520E0 /* FetchRecipeWatchOS Watch App */;
			targetProxy = 153D0A7A2D5C580F009520E0 /* PBXContainerItemProxy */;
		};
/* End PBXTargetDependency section */

/* Begin XCBuildConfiguration section */
		153D09CD2D5BF485009520E0 /* Debug */ = {
			isa = XCBuildConfiguration;
			buildSettings = {
				ALWAYS_SEARCH_USER_PATHS = NO;
				ASSETCATALOG_COMPILER_GENERATE_SWIFT_ASSET_SYMBOL_EXTENSIONS = YES;
				CLANG_ANALYZER_NONNULL = YES;
				CLANG_ANALYZER_NUMBER_OBJECT_CONVERSION = YES_AGGRESSIVE;
				CLANG_CXX_LANGUAGE_STANDARD = "gnu++20";
				CLANG_ENABLE_MODULES = YES;
				CLANG_ENABLE_OBJC_ARC = YES;
				CLANG_ENABLE_OBJC_WEAK = YES;
				CLANG_WARN_BLOCK_CAPTURE_AUTORELEASING = YES;
				CLANG_WARN_BOOL_CONVERSION = YES;
				CLANG_WARN_COMMA = YES;
				CLANG_WARN_CONSTANT_CONVERSION = YES;
				CLANG_WARN_DEPRECATED_OBJC_IMPLEMENTATIONS = YES;
				CLANG_WARN_DIRECT_OBJC_ISA_USAGE = YES_ERROR;
				CLANG_WARN_DOCUMENTATION_COMMENTS = YES;
				CLANG_WARN_EMPTY_BODY = YES;
				CLANG_WARN_ENUM_CONVERSION = YES;
				CLANG_WARN_INFINITE_RECURSION = YES;
				CLANG_WARN_INT_CONVERSION = YES;
				CLANG_WARN_NON_LITERAL_NULL_CONVERSION = YES;
				CLANG_WARN_OBJC_IMPLICIT_RETAIN_SELF = YES;
				CLANG_WARN_OBJC_LITERAL_CONVERSION = YES;
				CLANG_WARN_OBJC_ROOT_CLASS = YES_ERROR;
				CLANG_WARN_QUOTED_INCLUDE_IN_FRAMEWORK_HEADER = YES;
				CLANG_WARN_RANGE_LOOP_ANALYSIS = YES;
				CLANG_WARN_STRICT_PROTOTYPES = YES;
				CLANG_WARN_SUSPICIOUS_MOVE = YES;
				CLANG_WARN_UNGUARDED_AVAILABILITY = YES_AGGRESSIVE;
				CLANG_WARN_UNREACHABLE_CODE = YES;
				CLANG_WARN__DUPLICATE_METHOD_MATCH = YES;
				COPY_PHASE_STRIP = NO;
				DEBUG_INFORMATION_FORMAT = dwarf;
				ENABLE_STRICT_OBJC_MSGSEND = YES;
				ENABLE_TESTABILITY = YES;
				ENABLE_USER_SCRIPT_SANDBOXING = YES;
				GCC_C_LANGUAGE_STANDARD = gnu17;
				GCC_DYNAMIC_NO_PIC = NO;
				GCC_NO_COMMON_BLOCKS = YES;
				GCC_OPTIMIZATION_LEVEL = 0;
				GCC_PREPROCESSOR_DEFINITIONS = (
					"DEBUG=1",
					"$(inherited)",
				);
				GCC_WARN_64_TO_32_BIT_CONVERSION = YES;
				GCC_WARN_ABOUT_RETURN_TYPE = YES_ERROR;
				GCC_WARN_UNDECLARED_SELECTOR = YES;
				GCC_WARN_UNINITIALIZED_AUTOS = YES_AGGRESSIVE;
				GCC_WARN_UNUSED_FUNCTION = YES;
				GCC_WARN_UNUSED_VARIABLE = YES;
				Gemini_api_key = AIzaSyA0k94lDAtSvLEBTddNKGyrs_69V_lKafg;
				IPHONEOS_DEPLOYMENT_TARGET = 18.2;
				LOCALIZATION_PREFERS_STRING_CATALOGS = YES;
				MTL_ENABLE_DEBUG_INFO = INCLUDE_SOURCE;
				MTL_FAST_MATH = YES;
				NEW_SETTING = "";
				ONLY_ACTIVE_ARCH = YES;
				SDKROOT = iphoneos;
				SWIFT_ACTIVE_COMPILATION_CONDITIONS = "DEBUG $(inherited)";
				SWIFT_OPTIMIZATION_LEVEL = "-Onone";
			};
			name = Debug;
		};
		153D09CE2D5BF485009520E0 /* Release */ = {
			isa = XCBuildConfiguration;
			buildSettings = {
				ALWAYS_SEARCH_USER_PATHS = NO;
				ASSETCATALOG_COMPILER_GENERATE_SWIFT_ASSET_SYMBOL_EXTENSIONS = YES;
				CLANG_ANALYZER_NONNULL = YES;
				CLANG_ANALYZER_NUMBER_OBJECT_CONVERSION = YES_AGGRESSIVE;
				CLANG_CXX_LANGUAGE_STANDARD = "gnu++20";
				CLANG_ENABLE_MODULES = YES;
				CLANG_ENABLE_OBJC_ARC = YES;
				CLANG_ENABLE_OBJC_WEAK = YES;
				CLANG_WARN_BLOCK_CAPTURE_AUTORELEASING = YES;
				CLANG_WARN_BOOL_CONVERSION = YES;
				CLANG_WARN_COMMA = YES;
				CLANG_WARN_CONSTANT_CONVERSION = YES;
				CLANG_WARN_DEPRECATED_OBJC_IMPLEMENTATIONS = YES;
				CLANG_WARN_DIRECT_OBJC_ISA_USAGE = YES_ERROR;
				CLANG_WARN_DOCUMENTATION_COMMENTS = YES;
				CLANG_WARN_EMPTY_BODY = YES;
				CLANG_WARN_ENUM_CONVERSION = YES;
				CLANG_WARN_INFINITE_RECURSION = YES;
				CLANG_WARN_INT_CONVERSION = YES;
				CLANG_WARN_NON_LITERAL_NULL_CONVERSION = YES;
				CLANG_WARN_OBJC_IMPLICIT_RETAIN_SELF = YES;
				CLANG_WARN_OBJC_LITERAL_CONVERSION = YES;
				CLANG_WARN_OBJC_ROOT_CLASS = YES_ERROR;
				CLANG_WARN_QUOTED_INCLUDE_IN_FRAMEWORK_HEADER = YES;
				CLANG_WARN_RANGE_LOOP_ANALYSIS = YES;
				CLANG_WARN_STRICT_PROTOTYPES = YES;
				CLANG_WARN_SUSPICIOUS_MOVE = YES;
				CLANG_WARN_UNGUARDED_AVAILABILITY = YES_AGGRESSIVE;
				CLANG_WARN_UNREACHABLE_CODE = YES;
				CLANG_WARN__DUPLICATE_METHOD_MATCH = YES;
				COPY_PHASE_STRIP = NO;
				DEBUG_INFORMATION_FORMAT = "dwarf-with-dsym";
				ENABLE_NS_ASSERTIONS = NO;
				ENABLE_STRICT_OBJC_MSGSEND = YES;
				ENABLE_USER_SCRIPT_SANDBOXING = YES;
				GCC_C_LANGUAGE_STANDARD = gnu17;
				GCC_NO_COMMON_BLOCKS = YES;
				GCC_WARN_64_TO_32_BIT_CONVERSION = YES;
				GCC_WARN_ABOUT_RETURN_TYPE = YES_ERROR;
				GCC_WARN_UNDECLARED_SELECTOR = YES;
				GCC_WARN_UNINITIALIZED_AUTOS = YES_AGGRESSIVE;
				GCC_WARN_UNUSED_FUNCTION = YES;
				GCC_WARN_UNUSED_VARIABLE = YES;
				Gemini_api_key = AIzaSyA0k94lDAtSvLEBTddNKGyrs_69V_lKafg;
				IPHONEOS_DEPLOYMENT_TARGET = 18.2;
				LOCALIZATION_PREFERS_STRING_CATALOGS = YES;
				MTL_ENABLE_DEBUG_INFO = NO;
				MTL_FAST_MATH = YES;
				NEW_SETTING = "";
				SDKROOT = iphoneos;
				SWIFT_COMPILATION_MODE = wholemodule;
				VALIDATE_PRODUCT = YES;
			};
			name = Release;
		};
		153D09D02D5BF485009520E0 /* Debug */ = {
			isa = XCBuildConfiguration;
			buildSettings = {
				ASSETCATALOG_COMPILER_APPICON_NAME = AppIcon;
				ASSETCATALOG_COMPILER_GLOBAL_ACCENT_COLOR_NAME = AccentColor;
				CODE_SIGN_STYLE = Automatic;
				CURRENT_PROJECT_VERSION = 1.4;
				DEVELOPMENT_ASSET_PATHS = "\"FetchRecipe/Preview Content\"";
				DEVELOPMENT_TEAM = KQ4W78279B;
				ENABLE_PREVIEWS = YES;
				GENERATE_INFOPLIST_FILE = YES;
				INFOPLIST_KEY_UIApplicationSceneManifest_Generation = YES;
				INFOPLIST_KEY_UIApplicationSupportsIndirectInputEvents = YES;
				INFOPLIST_KEY_UILaunchScreen_Generation = YES;
				INFOPLIST_KEY_UISupportedInterfaceOrientations_iPad = "UIInterfaceOrientationPortrait UIInterfaceOrientationPortraitUpsideDown UIInterfaceOrientationLandscapeLeft UIInterfaceOrientationLandscapeRight";
				INFOPLIST_KEY_UISupportedInterfaceOrientations_iPhone = "UIInterfaceOrientationPortrait UIInterfaceOrientationLandscapeLeft UIInterfaceOrientationLandscapeRight";
				IPHONEOS_DEPLOYMENT_TARGET = 18.0;
				LD_RUNPATH_SEARCH_PATHS = (
					"$(inherited)",
					"@executable_path/Frameworks",
				);
				MARKETING_VERSION = 1.4;
				PRODUCT_BUNDLE_IDENTIFIER = shivam.FetchRecipe;
				PRODUCT_NAME = "$(TARGET_NAME)";
				SWIFT_EMIT_LOC_STRINGS = YES;
				SWIFT_VERSION = 5.0;
				TARGETED_DEVICE_FAMILY = "1,2";
			};
			name = Debug;
		};
		153D09D12D5BF485009520E0 /* Release */ = {
			isa = XCBuildConfiguration;
			buildSettings = {
				ASSETCATALOG_COMPILER_APPICON_NAME = AppIcon;
				ASSETCATALOG_COMPILER_GLOBAL_ACCENT_COLOR_NAME = AccentColor;
				CODE_SIGN_STYLE = Automatic;
				CURRENT_PROJECT_VERSION = 1.4;
				DEVELOPMENT_ASSET_PATHS = "\"FetchRecipe/Preview Content\"";
				DEVELOPMENT_TEAM = KQ4W78279B;
				ENABLE_PREVIEWS = YES;
				GENERATE_INFOPLIST_FILE = YES;
				INFOPLIST_KEY_UIApplicationSceneManifest_Generation = YES;
				INFOPLIST_KEY_UIApplicationSupportsIndirectInputEvents = YES;
				INFOPLIST_KEY_UILaunchScreen_Generation = YES;
				INFOPLIST_KEY_UISupportedInterfaceOrientations_iPad = "UIInterfaceOrientationPortrait UIInterfaceOrientationPortraitUpsideDown UIInterfaceOrientationLandscapeLeft UIInterfaceOrientationLandscapeRight";
				INFOPLIST_KEY_UISupportedInterfaceOrientations_iPhone = "UIInterfaceOrientationPortrait UIInterfaceOrientationLandscapeLeft UIInterfaceOrientationLandscapeRight";
				IPHONEOS_DEPLOYMENT_TARGET = 18.0;
				LD_RUNPATH_SEARCH_PATHS = (
					"$(inherited)",
					"@executable_path/Frameworks",
				);
				MARKETING_VERSION = 1.4;
				PRODUCT_BUNDLE_IDENTIFIER = shivam.FetchRecipe;
				PRODUCT_NAME = "$(TARGET_NAME)";
				SWIFT_EMIT_LOC_STRINGS = YES;
				SWIFT_VERSION = 5.0;
				TARGETED_DEVICE_FAMILY = "1,2";
			};
			name = Release;
		};
		153D09D32D5BF485009520E0 /* Debug */ = {
			isa = XCBuildConfiguration;
			buildSettings = {
				BUNDLE_LOADER = "$(TEST_HOST)";
				CLANG_ENABLE_MODULES = YES;
				CODE_SIGN_STYLE = Automatic;
				CURRENT_PROJECT_VERSION = 1;
				DEVELOPMENT_TEAM = KQ4W78279B;
				GENERATE_INFOPLIST_FILE = YES;
				IPHONEOS_DEPLOYMENT_TARGET = 18.2;
				MARKETING_VERSION = 1.0;
				PRODUCT_BUNDLE_IDENTIFIER = shivam.FetchRecipeTests;
				PRODUCT_NAME = "$(TARGET_NAME)";
				SWIFT_EMIT_LOC_STRINGS = NO;
				SWIFT_OPTIMIZATION_LEVEL = "-Onone";
				SWIFT_VERSION = 5.0;
				TARGETED_DEVICE_FAMILY = "1,2";
				TEST_HOST = "$(BUILT_PRODUCTS_DIR)/FetchRecipe.app/$(BUNDLE_EXECUTABLE_FOLDER_PATH)/FetchRecipe";
			};
			name = Debug;
		};
		153D09D42D5BF485009520E0 /* Release */ = {
			isa = XCBuildConfiguration;
			buildSettings = {
				BUNDLE_LOADER = "$(TEST_HOST)";
				CLANG_ENABLE_MODULES = YES;
				CODE_SIGN_STYLE = Automatic;
				CURRENT_PROJECT_VERSION = 1;
				DEVELOPMENT_TEAM = KQ4W78279B;
				GENERATE_INFOPLIST_FILE = YES;
				IPHONEOS_DEPLOYMENT_TARGET = 18.2;
				MARKETING_VERSION = 1.0;
				PRODUCT_BUNDLE_IDENTIFIER = shivam.FetchRecipeTests;
				PRODUCT_NAME = "$(TARGET_NAME)";
				SWIFT_EMIT_LOC_STRINGS = NO;
				SWIFT_VERSION = 5.0;
				TARGETED_DEVICE_FAMILY = "1,2";
				TEST_HOST = "$(BUILT_PRODUCTS_DIR)/FetchRecipe.app/$(BUNDLE_EXECUTABLE_FOLDER_PATH)/FetchRecipe";
			};
			name = Release;
		};
		153D09D62D5BF485009520E0 /* Debug */ = {
			isa = XCBuildConfiguration;
			buildSettings = {
				CODE_SIGN_STYLE = Automatic;
				CURRENT_PROJECT_VERSION = 1;
				DEVELOPMENT_TEAM = KQ4W78279B;
				GENERATE_INFOPLIST_FILE = YES;
				MARKETING_VERSION = 1.0;
				PRODUCT_BUNDLE_IDENTIFIER = shivam.FetchRecipeUITests;
				PRODUCT_NAME = "$(TARGET_NAME)";
				SWIFT_EMIT_LOC_STRINGS = NO;
				SWIFT_VERSION = 5.0;
				TARGETED_DEVICE_FAMILY = "1,2";
				TEST_TARGET_NAME = FetchRecipe;
			};
			name = Debug;
		};
		153D09D72D5BF485009520E0 /* Release */ = {
			isa = XCBuildConfiguration;
			buildSettings = {
				CODE_SIGN_STYLE = Automatic;
				CURRENT_PROJECT_VERSION = 1;
				DEVELOPMENT_TEAM = KQ4W78279B;
				GENERATE_INFOPLIST_FILE = YES;
				MARKETING_VERSION = 1.0;
				PRODUCT_BUNDLE_IDENTIFIER = shivam.FetchRecipeUITests;
				PRODUCT_NAME = "$(TARGET_NAME)";
				SWIFT_EMIT_LOC_STRINGS = NO;
				SWIFT_VERSION = 5.0;
				TARGETED_DEVICE_FAMILY = "1,2";
				TEST_TARGET_NAME = FetchRecipe;
			};
			name = Release;
		};
		153D0A7E2D5C580F009520E0 /* Debug */ = {
			isa = XCBuildConfiguration;
			buildSettings = {
				ASSETCATALOG_COMPILER_APPICON_NAME = AppIcon;
				ASSETCATALOG_COMPILER_GLOBAL_ACCENT_COLOR_NAME = AccentColor;
				CODE_SIGN_STYLE = Automatic;
				CURRENT_PROJECT_VERSION = 1;
				DEVELOPMENT_ASSET_PATHS = "\"FetchRecipeWatchOS Watch App/Preview Content\"";
				DEVELOPMENT_TEAM = KQ4W78279B;
				ENABLE_PREVIEWS = YES;
				GENERATE_INFOPLIST_FILE = YES;
				INFOPLIST_KEY_CFBundleDisplayName = FetchRecipeWatchOS;
				INFOPLIST_KEY_UISupportedInterfaceOrientations = "UIInterfaceOrientationPortrait UIInterfaceOrientationPortraitUpsideDown";
				INFOPLIST_KEY_WKCompanionAppBundleIdentifier = shivam.FetchRecipe;
				LD_RUNPATH_SEARCH_PATHS = (
					"$(inherited)",
					"@executable_path/Frameworks",
				);
				MARKETING_VERSION = 1.0;
				PRODUCT_BUNDLE_IDENTIFIER = shivam.FetchRecipe.watchkitapp;
				PRODUCT_NAME = "$(TARGET_NAME)";
				SDKROOT = watchos;
				SKIP_INSTALL = YES;
				SWIFT_EMIT_LOC_STRINGS = YES;
				SWIFT_VERSION = 5.0;
				TARGETED_DEVICE_FAMILY = 4;
				WATCHOS_DEPLOYMENT_TARGET = 11.2;
			};
			name = Debug;
		};
		153D0A7F2D5C580F009520E0 /* Release */ = {
			isa = XCBuildConfiguration;
			buildSettings = {
				ASSETCATALOG_COMPILER_APPICON_NAME = AppIcon;
				ASSETCATALOG_COMPILER_GLOBAL_ACCENT_COLOR_NAME = AccentColor;
				CODE_SIGN_STYLE = Automatic;
				CURRENT_PROJECT_VERSION = 1;
				DEVELOPMENT_ASSET_PATHS = "\"FetchRecipeWatchOS Watch App/Preview Content\"";
				DEVELOPMENT_TEAM = KQ4W78279B;
				ENABLE_PREVIEWS = YES;
				GENERATE_INFOPLIST_FILE = YES;
				INFOPLIST_KEY_CFBundleDisplayName = FetchRecipeWatchOS;
				INFOPLIST_KEY_UISupportedInterfaceOrientations = "UIInterfaceOrientationPortrait UIInterfaceOrientationPortraitUpsideDown";
				INFOPLIST_KEY_WKCompanionAppBundleIdentifier = shivam.FetchRecipe;
				LD_RUNPATH_SEARCH_PATHS = (
					"$(inherited)",
					"@executable_path/Frameworks",
				);
				MARKETING_VERSION = 1.0;
				PRODUCT_BUNDLE_IDENTIFIER = shivam.FetchRecipe.watchkitapp;
				PRODUCT_NAME = "$(TARGET_NAME)";
				SDKROOT = watchos;
				SKIP_INSTALL = YES;
				SWIFT_EMIT_LOC_STRINGS = YES;
				SWIFT_VERSION = 5.0;
				TARGETED_DEVICE_FAMILY = 4;
				WATCHOS_DEPLOYMENT_TARGET = 11.2;
			};
			name = Release;
		};
		153D0A822D5C580F009520E0 /* Debug */ = {
			isa = XCBuildConfiguration;
			buildSettings = {
				BUNDLE_LOADER = "$(TEST_HOST)";
				CODE_SIGN_STYLE = Automatic;
				CURRENT_PROJECT_VERSION = 1;
				DEVELOPMENT_TEAM = KQ4W78279B;
				GENERATE_INFOPLIST_FILE = YES;
				MARKETING_VERSION = 1.0;
				PRODUCT_BUNDLE_IDENTIFIER = "shivam.FetchRecipeWatchOS-Watch-AppTests";
				PRODUCT_NAME = "$(TARGET_NAME)";
				SDKROOT = watchos;
				SWIFT_EMIT_LOC_STRINGS = NO;
				SWIFT_VERSION = 5.0;
				TARGETED_DEVICE_FAMILY = 4;
				TEST_HOST = "$(BUILT_PRODUCTS_DIR)/FetchRecipeWatchOS Watch App.app/$(BUNDLE_EXECUTABLE_FOLDER_PATH)/FetchRecipeWatchOS Watch App";
				WATCHOS_DEPLOYMENT_TARGET = 11.2;
			};
			name = Debug;
		};
		153D0A832D5C580F009520E0 /* Release */ = {
			isa = XCBuildConfiguration;
			buildSettings = {
				BUNDLE_LOADER = "$(TEST_HOST)";
				CODE_SIGN_STYLE = Automatic;
				CURRENT_PROJECT_VERSION = 1;
				DEVELOPMENT_TEAM = KQ4W78279B;
				GENERATE_INFOPLIST_FILE = YES;
				MARKETING_VERSION = 1.0;
				PRODUCT_BUNDLE_IDENTIFIER = "shivam.FetchRecipeWatchOS-Watch-AppTests";
				PRODUCT_NAME = "$(TARGET_NAME)";
				SDKROOT = watchos;
				SWIFT_EMIT_LOC_STRINGS = NO;
				SWIFT_VERSION = 5.0;
				TARGETED_DEVICE_FAMILY = 4;
				TEST_HOST = "$(BUILT_PRODUCTS_DIR)/FetchRecipeWatchOS Watch App.app/$(BUNDLE_EXECUTABLE_FOLDER_PATH)/FetchRecipeWatchOS Watch App";
				WATCHOS_DEPLOYMENT_TARGET = 11.2;
			};
			name = Release;
		};
		153D0A852D5C580F009520E0 /* Debug */ = {
			isa = XCBuildConfiguration;
			buildSettings = {
				CODE_SIGN_STYLE = Automatic;
				CURRENT_PROJECT_VERSION = 1;
				DEVELOPMENT_TEAM = KQ4W78279B;
				GENERATE_INFOPLIST_FILE = YES;
				MARKETING_VERSION = 1.0;
				PRODUCT_BUNDLE_IDENTIFIER = "shivam.FetchRecipeWatchOS-Watch-AppUITests";
				PRODUCT_NAME = "$(TARGET_NAME)";
				SDKROOT = watchos;
				SWIFT_EMIT_LOC_STRINGS = NO;
				SWIFT_VERSION = 5.0;
				TARGETED_DEVICE_FAMILY = 4;
				TEST_TARGET_NAME = "FetchRecipeWatchOS Watch App";
				WATCHOS_DEPLOYMENT_TARGET = 11.2;
			};
			name = Debug;
		};
		153D0A862D5C580F009520E0 /* Release */ = {
			isa = XCBuildConfiguration;
			buildSettings = {
				CODE_SIGN_STYLE = Automatic;
				CURRENT_PROJECT_VERSION = 1;
				DEVELOPMENT_TEAM = KQ4W78279B;
				GENERATE_INFOPLIST_FILE = YES;
				MARKETING_VERSION = 1.0;
				PRODUCT_BUNDLE_IDENTIFIER = "shivam.FetchRecipeWatchOS-Watch-AppUITests";
				PRODUCT_NAME = "$(TARGET_NAME)";
				SDKROOT = watchos;
				SWIFT_EMIT_LOC_STRINGS = NO;
				SWIFT_VERSION = 5.0;
				TARGETED_DEVICE_FAMILY = 4;
				TEST_TARGET_NAME = "FetchRecipeWatchOS Watch App";
				WATCHOS_DEPLOYMENT_TARGET = 11.2;
			};
			name = Release;
		};
/* End XCBuildConfiguration section */

/* Begin XCConfigurationList section */
		153D09A12D5BF483009520E0 /* Build configuration list for PBXProject "FetchRecipe" */ = {
			isa = XCConfigurationList;
			buildConfigurations = (
				153D09CD2D5BF485009520E0 /* Debug */,
				153D09CE2D5BF485009520E0 /* Release */,
			);
			defaultConfigurationIsVisible = 0;
			defaultConfigurationName = Release;
		};
		153D09CF2D5BF485009520E0 /* Build configuration list for PBXNativeTarget "FetchRecipe" */ = {
			isa = XCConfigurationList;
			buildConfigurations = (
				153D09D02D5BF485009520E0 /* Debug */,
				153D09D12D5BF485009520E0 /* Release */,
			);
			defaultConfigurationIsVisible = 0;
			defaultConfigurationName = Release;
		};
		153D09D22D5BF485009520E0 /* Build configuration list for PBXNativeTarget "FetchRecipeTests" */ = {
			isa = XCConfigurationList;
			buildConfigurations = (
				153D09D32D5BF485009520E0 /* Debug */,
				153D09D42D5BF485009520E0 /* Release */,
			);
			defaultConfigurationIsVisible = 0;
			defaultConfigurationName = Release;
		};
		153D09D52D5BF485009520E0 /* Build configuration list for PBXNativeTarget "FetchRecipeUITests" */ = {
			isa = XCConfigurationList;
			buildConfigurations = (
				153D09D62D5BF485009520E0 /* Debug */,
				153D09D72D5BF485009520E0 /* Release */,
			);
			defaultConfigurationIsVisible = 0;
			defaultConfigurationName = Release;
		};
		153D0A7D2D5C580F009520E0 /* Build configuration list for PBXNativeTarget "FetchRecipeWatchOS Watch App" */ = {
			isa = XCConfigurationList;
			buildConfigurations = (
				153D0A7E2D5C580F009520E0 /* Debug */,
				153D0A7F2D5C580F009520E0 /* Release */,
			);
			defaultConfigurationIsVisible = 0;
			defaultConfigurationName = Release;
		};
		153D0A812D5C580F009520E0 /* Build configuration list for PBXNativeTarget "FetchRecipeWatchOS Watch AppTests" */ = {
			isa = XCConfigurationList;
			buildConfigurations = (
				153D0A822D5C580F009520E0 /* Debug */,
				153D0A832D5C580F009520E0 /* Release */,
			);
			defaultConfigurationIsVisible = 0;
			defaultConfigurationName = Release;
		};
		153D0A842D5C580F009520E0 /* Build configuration list for PBXNativeTarget "FetchRecipeWatchOS Watch AppUITests" */ = {
			isa = XCConfigurationList;
			buildConfigurations = (
				153D0A852D5C580F009520E0 /* Debug */,
				153D0A862D5C580F009520E0 /* Release */,
			);
			defaultConfigurationIsVisible = 0;
			defaultConfigurationName = Release;
		};
/* End XCConfigurationList section */

/* Begin XCRemoteSwiftPackageReference section */
		153D0A522D5C4F33009520E0 /* XCRemoteSwiftPackageReference "lottie-spm" */ = {
			isa = XCRemoteSwiftPackageReference;
			repositoryURL = "https://github.com/airbnb/lottie-spm.git";
			requirement = {
				kind = upToNextMajorVersion;
				minimumVersion = 4.5.1;
			};
		};
/* End XCRemoteSwiftPackageReference section */

/* Begin XCSwiftPackageProductDependency section */
		153D0A532D5C4F33009520E0 /* Lottie */ = {
			isa = XCSwiftPackageProductDependency;
			package = 153D0A522D5C4F33009520E0 /* XCRemoteSwiftPackageReference "lottie-spm" */;
			productName = Lottie;
		};
/* End XCSwiftPackageProductDependency section */
	};
	rootObject = 153D099E2D5BF483009520E0 /* Project object */;
}
